<Solution Description="Visual Studio slnx file generated by Premake" Version="1.4">
  <Configurations>
    <Platform Name="ARM64" />
    <Platform Name="Win32" />
    <Platform Name="x64" />
  </Configurations>
  <Project Path="../fractal-test/fractal-test.vcxproj" Id="724c481e-44d4-456d-b668-2883f26fb15c">
    <Platform Solution="*|ARM64" Project="x64" />
  </Project>
  <Project Path="fractals.vcxproj" Id="754fe2ce-611c-3dda-8a35-2b8276617268">
    <BuildDependency Project="raylib.vcxproj" />
  </Project>
  <Project Path="raylib.vcxproj" Id="8898ea18-743a-15ef-5df5-284349369c3f" />
</Solution>